// !$*UTF8*$!
{
	archiveVersion = 1;
	classes = {
	};
	objectVersion = 46;
	objects = {

/* Begin PBXBuildFile section */
		0207DA581B56EA530066E2B4 /* Images.xcassets in Resources */ = {isa = PBXBuildFile; fileRef = 0207DA571B56EA530066E2B4 /* Images.xcassets */; };
		0B0380A305014EC4BEBA7B0B /* NSFileManager+HCPExtension.m in Sources */ = {isa = PBXBuildFile; fileRef = 3479BF5BD0244806A67CAF39 /* NSFileManager+HCPExtension.m */; };
		0C07CA0B1D7FEE0D00C08EFF /* www in Resources */ = {isa = PBXBuildFile; fileRef = 0C07CA0A1D7FEE0D00C08EFF /* www */; };
		0C3805651D703A970023BD77 /* config.xml in Resources */ = {isa = PBXBuildFile; fileRef = 0C3805641D703A970023BD77 /* config.xml */; };
		0C38056C1D70402B0023BD77 /* HCPHelper.m in Sources */ = {isa = PBXBuildFile; fileRef = 0C38056B1D70402B0023BD77 /* HCPHelper.m */; };
		0CB17DF51D7586260030264E /* UpdateViewController.m in Sources */ = {isa = PBXBuildFile; fileRef = 0CB17DF31D7586260030264E /* UpdateViewController.m */; };
		0CB17DF61D7586260030264E /* UpdateViewController.xib in Resources */ = {isa = PBXBuildFile; fileRef = 0CB17DF41D7586260030264E /* UpdateViewController.xib */; };
		0E9BACD7FA8043EBBB6E320A /* HCPApplicationConfigStorage.m in Sources */ = {isa = PBXBuildFile; fileRef = 9F7B306E0AB348AF81FCC44D /* HCPApplicationConfigStorage.m */; };
		1D3623260D0F684500981E51 /* AppDelegate.m in Sources */ = {isa = PBXBuildFile; fileRef = 1D3623250D0F684500981E51 /* AppDelegate.m */; };
		1D60589B0D05DD56006BFB54 /* main.m in Sources */ = {isa = PBXBuildFile; fileRef = 29B97316FDCFA39411CA2CEA /* main.m */; };
		2CAC48A9EBC3442FB6FD5EC0 /* HCPFileDownloader.m in Sources */ = {isa = PBXBuildFile; fileRef = ED66602DFE9E4BAFAE160C72 /* HCPFileDownloader.m */; };
		2EA0FA96516249EFA51B6AD4 /* NSData+HCPMD5.m in Sources */ = {isa = PBXBuildFile; fileRef = 91B3A943038C4F219B4EAEAB /* NSData+HCPMD5.m */; };
		301BF552109A68D80062928A /* libCordova.a in Frameworks */ = {isa = PBXBuildFile; fileRef = 301BF535109A57CC0062928A /* libCordova.a */; };
		302D95F114D2391D003F00A1 /* MainViewController.m in Sources */ = {isa = PBXBuildFile; fileRef = 302D95EF14D2391D003F00A1 /* MainViewController.m */; };
		302D95F214D2391D003F00A1 /* MainViewController.xib in Resources */ = {isa = PBXBuildFile; fileRef = 302D95F014D2391D003F00A1 /* MainViewController.xib */; };
		3047A5121AB8059700498E2A /* build-debug.xcconfig in Resources */ = {isa = PBXBuildFile; fileRef = 3047A50F1AB8059700498E2A /* build-debug.xcconfig */; };
		3047A5131AB8059700498E2A /* build-release.xcconfig in Resources */ = {isa = PBXBuildFile; fileRef = 3047A5101AB8059700498E2A /* build-release.xcconfig */; };
		3047A5141AB8059700498E2A /* build.xcconfig in Resources */ = {isa = PBXBuildFile; fileRef = 3047A5111AB8059700498E2A /* build.xcconfig */; };
		3A9F1AA6CDCC4CD19422DD5C /* HCPContentManifest.m in Sources */ = {isa = PBXBuildFile; fileRef = 4E05A87105A54737A7C5F9A6 /* HCPContentManifest.m */; };
		507EBF598FD741F18B61B589 /* HCPUpdateLoader.m in Sources */ = {isa = PBXBuildFile; fileRef = 4C9E285F3C17459EBEFE15FD /* HCPUpdateLoader.m */; };
		51C6B0F2DF7049499391D340 /* HCPApplicationConfig.m in Sources */ = {isa = PBXBuildFile; fileRef = 7413DEA30833498EB148D97D /* HCPApplicationConfig.m */; };
		53387454CA224A34AB8D98FC /* HCPContentConfig.m in Sources */ = {isa = PBXBuildFile; fileRef = 38AF14A931B7456F839F71A3 /* HCPContentConfig.m */; };
		57B21F958E534371819EE76F /* HCPInternalPreferences.m in Sources */ = {isa = PBXBuildFile; fileRef = 3E61C4372EB74C4F8CE88922 /* HCPInternalPreferences.m */; };
		64FC37C61DCA4D669531365D /* NSBundle+HCPExtension.m in Sources */ = {isa = PBXBuildFile; fileRef = 3D5D00808AD14D9896C27C9A /* NSBundle+HCPExtension.m */; };
		722684B80A7F429895942BD4 /* HCPFilesStructure.m in Sources */ = {isa = PBXBuildFile; fileRef = 3A7634742BB444A7ACC8E64F /* HCPFilesStructure.m */; };
		7B501AC1EAEA43A18B10519E /* HCPInternalPreferences+UserDefaults.m in Sources */ = {isa = PBXBuildFile; fileRef = 7DCE7EDF926846A2875F48E8 /* HCPInternalPreferences+UserDefaults.m */; };
		8B8A6332243A4C60937559BD /* HCPInstallationWorker.m in Sources */ = {isa = PBXBuildFile; fileRef = 643EC139E184446F853D3145 /* HCPInstallationWorker.m */; };
		99E994101E724DBFBB1D779B /* NSJSONSerialization+HCPExtension.m in Sources */ = {isa = PBXBuildFile; fileRef = 5DF0499B459B401C8A4195E4 /* NSJSONSerialization+HCPExtension.m */; };
		A4C198E9D0C54E68AD5CFF75 /* HCPConfig.m in Sources */ = {isa = PBXBuildFile; fileRef = 9DA662D888F442CA97886876 /* HCPConfig.m */; };
		B9A646AC0D554F23A2EBDF27 /* HCPContentManifestStorage.m in Sources */ = {isa = PBXBuildFile; fileRef = 6BDFD89627684E83AC659BB0 /* HCPContentManifestStorage.m */; };
		BC65821251E84E7296496DA5 /* HCPCleanupHelper.m in Sources */ = {isa = PBXBuildFile; fileRef = 7AB460E75AAF407AAF41BD91 /* HCPCleanupHelper.m */; };
		BCAA15361D2F496694DE71F8 /* HCPManifestDiff.m in Sources */ = {isa = PBXBuildFile; fileRef = B716C7C21F2E448292E48B4A /* HCPManifestDiff.m */; };
		C56532BF088D4925B211B5F7 /* HCPConfigStorageImpl.m in Sources */ = {isa = PBXBuildFile; fileRef = C2F9AF0AEB3A4C8A8A778B16 /* HCPConfigStorageImpl.m */; };
		DE3DB4D4EF3B4D06B2D63715 /* HCPUpdateLoaderWorker.m in Sources */ = {isa = PBXBuildFile; fileRef = C50C2F2B36354BFCB3588779 /* HCPUpdateLoaderWorker.m */; };
		E39231BEA6494CD7933A620F /* HCPManifestFile.m in Sources */ = {isa = PBXBuildFile; fileRef = A1779FDBD37241ABB26C9233 /* HCPManifestFile.m */; };
		EFBBEBB7C4164914A5A9535F /* HCPAssetsFolderHelper.m in Sources */ = {isa = PBXBuildFile; fileRef = 60E60AFA51144B2994F62630 /* HCPAssetsFolderHelper.m */; };
		F0F111A3DA3449E7923F6ABE /* NSError+HCPExtension.m in Sources */ = {isa = PBXBuildFile; fileRef = 3A5D3DBF679C4CFDA61A8E3E /* NSError+HCPExtension.m */; };
/* End PBXBuildFile section */

/* Begin PBXContainerItemProxy section */
		301BF534109A57CC0062928A /* PBXContainerItemProxy */ = {
			isa = PBXContainerItemProxy;
			containerPortal = 301BF52D109A57CC0062928A /* CordovaLib.xcodeproj */;
			proxyType = 2;
			remoteGlobalIDString = D2AAC07E0554694100DB518D;
			remoteInfo = CordovaLib;
		};
		301BF550109A68C00062928A /* PBXContainerItemProxy */ = {
			isa = PBXContainerItemProxy;
			containerPortal = 301BF52D109A57CC0062928A /* CordovaLib.xcodeproj */;
			proxyType = 1;
			remoteGlobalIDString = D2AAC07D0554694100DB518D;
			remoteInfo = CordovaLib;
		};
/* End PBXContainerItemProxy section */

/* Begin PBXFileReference section */
		0207DA571B56EA530066E2B4 /* Images.xcassets */ = {isa = PBXFileReference; lastKnownFileType = folder.assetcatalog; name = Images.xcassets; path = HotCodePush/Images.xcassets; sourceTree = SOURCE_ROOT; };
		07821282EB3546A98BD24430 /* HCPCleanupHelper.h */ = {isa = PBXFileReference; explicitFileType = undefined; fileEncoding = 4; includeInIndex = 0; lastKnownFileType = sourcecode.c.h; name = HCPCleanupHelper.h; path = "cordova-hot-code-push-plugin/Utils/HCPCleanupHelper.h"; sourceTree = "<group>"; };
		0BD4A25343084F98844DFFB7 /* HCPConfigFileStorage.h */ = {isa = PBXFileReference; explicitFileType = undefined; fileEncoding = 4; includeInIndex = 0; lastKnownFileType = sourcecode.c.h; name = HCPConfigFileStorage.h; path = "cordova-hot-code-push-plugin/Storage/HCPConfigFileStorage.h"; sourceTree = "<group>"; };
		0C07CA0A1D7FEE0D00C08EFF /* www */ = {isa = PBXFileReference; lastKnownFileType = folder; path = www; sourceTree = "<group>"; };
		0C3805641D703A970023BD77 /* config.xml */ = {isa = PBXFileReference; fileEncoding = 4; lastKnownFileType = text.xml; name = config.xml; path = HotCodePush/config.xml; sourceTree = "<group>"; };
		0C38056A1D70402B0023BD77 /* HCPHelper.h */ = {isa = PBXFileReference; fileEncoding = 4; lastKnownFileType = sourcecode.c.h; path = HCPHelper.h; sourceTree = "<group>"; };
		0C38056B1D70402B0023BD77 /* HCPHelper.m */ = {isa = PBXFileReference; fileEncoding = 4; lastKnownFileType = sourcecode.c.objc; path = HCPHelper.m; sourceTree = "<group>"; };
		0CB17DF11D7581D60030264E /* HCPBlock.h */ = {isa = PBXFileReference; fileEncoding = 4; lastKnownFileType = sourcecode.c.h; path = HCPBlock.h; sourceTree = "<group>"; };
		0CB17DF21D7586260030264E /* UpdateViewController.h */ = {isa = PBXFileReference; fileEncoding = 4; lastKnownFileType = sourcecode.c.h; path = UpdateViewController.h; sourceTree = "<group>"; };
		0CB17DF31D7586260030264E /* UpdateViewController.m */ = {isa = PBXFileReference; fileEncoding = 4; lastKnownFileType = sourcecode.c.objc; path = UpdateViewController.m; sourceTree = "<group>"; };
		0CB17DF41D7586260030264E /* UpdateViewController.xib */ = {isa = PBXFileReference; fileEncoding = 4; lastKnownFileType = file.xib; path = UpdateViewController.xib; sourceTree = "<group>"; };
		13D401CB2EDA41D3B92FEEA1 /* HCPManifestDiff.h */ = {isa = PBXFileReference; explicitFileType = undefined; fileEncoding = 4; includeInIndex = 0; lastKnownFileType = sourcecode.c.h; name = HCPManifestDiff.h; path = "cordova-hot-code-push-plugin/Model/HCPManifestDiff.h"; sourceTree = "<group>"; };
		18F172D451934EA3AB2109A9 /* HCPUpdateLoader.h */ = {isa = PBXFileReference; explicitFileType = undefined; fileEncoding = 4; includeInIndex = 0; lastKnownFileType = sourcecode.c.h; name = HCPUpdateLoader.h; path = "cordova-hot-code-push-plugin/Updater/HCPUpdateLoader.h"; sourceTree = "<group>"; };
		1D3623240D0F684500981E51 /* AppDelegate.h */ = {isa = PBXFileReference; fileEncoding = 4; lastKnownFileType = sourcecode.c.h; path = AppDelegate.h; sourceTree = "<group>"; };
		1D3623250D0F684500981E51 /* AppDelegate.m */ = {isa = PBXFileReference; fileEncoding = 4; lastKnownFileType = sourcecode.c.objc; path = AppDelegate.m; sourceTree = "<group>"; };
		1D6058910D05DD3D006BFB54 /* HotCodePush.app */ = {isa = PBXFileReference; explicitFileType = wrapper.application; includeInIndex = 0; path = HotCodePush.app; sourceTree = BUILT_PRODUCTS_DIR; };
		22F0EC17D7B14D169A49DBA9 /* HCPAssetsFolderHelper.h */ = {isa = PBXFileReference; explicitFileType = undefined; fileEncoding = 4; includeInIndex = 0; lastKnownFileType = sourcecode.c.h; name = HCPAssetsFolderHelper.h; path = "cordova-hot-code-push-plugin/Utils/HCPAssetsFolderHelper.h"; sourceTree = "<group>"; };
		29B97316FDCFA39411CA2CEA /* main.m */ = {isa = PBXFileReference; fileEncoding = 4; lastKnownFileType = sourcecode.c.objc; path = main.m; sourceTree = "<group>"; };
		301BF52D109A57CC0062928A /* CordovaLib.xcodeproj */ = {isa = PBXFileReference; lastKnownFileType = "wrapper.pb-project"; name = CordovaLib.xcodeproj; path = CordovaLib/CordovaLib.xcodeproj; sourceTree = "<group>"; };
		302D95EE14D2391D003F00A1 /* MainViewController.h */ = {isa = PBXFileReference; fileEncoding = 4; lastKnownFileType = sourcecode.c.h; path = MainViewController.h; sourceTree = "<group>"; };
		302D95EF14D2391D003F00A1 /* MainViewController.m */ = {isa = PBXFileReference; fileEncoding = 4; lastKnownFileType = sourcecode.c.objc; path = MainViewController.m; sourceTree = "<group>"; };
		302D95F014D2391D003F00A1 /* MainViewController.xib */ = {isa = PBXFileReference; fileEncoding = 4; lastKnownFileType = file.xib; path = MainViewController.xib; sourceTree = "<group>"; };
		3047A50F1AB8059700498E2A /* build-debug.xcconfig */ = {isa = PBXFileReference; fileEncoding = 4; lastKnownFileType = text.xcconfig; name = "build-debug.xcconfig"; path = "cordova/build-debug.xcconfig"; sourceTree = SOURCE_ROOT; };
		3047A5101AB8059700498E2A /* build-release.xcconfig */ = {isa = PBXFileReference; fileEncoding = 4; lastKnownFileType = text.xcconfig; name = "build-release.xcconfig"; path = "cordova/build-release.xcconfig"; sourceTree = SOURCE_ROOT; };
		3047A5111AB8059700498E2A /* build.xcconfig */ = {isa = PBXFileReference; fileEncoding = 4; lastKnownFileType = text.xcconfig; name = build.xcconfig; path = cordova/build.xcconfig; sourceTree = SOURCE_ROOT; };
		3254F109D18340BCB6001C54 /* HCPManifestFile.h */ = {isa = PBXFileReference; explicitFileType = undefined; fileEncoding = 4; includeInIndex = 0; lastKnownFileType = sourcecode.c.h; name = HCPManifestFile.h; path = "cordova-hot-code-push-plugin/Model/HCPManifestFile.h"; sourceTree = "<group>"; };
		32CA4F630368D1EE00C91783 /* HotCodePush-Prefix.pch */ = {isa = PBXFileReference; fileEncoding = 4; lastKnownFileType = sourcecode.c.h; path = "HotCodePush-Prefix.pch"; sourceTree = "<group>"; };
		3479BF5BD0244806A67CAF39 /* NSFileManager+HCPExtension.m */ = {isa = PBXFileReference; explicitFileType = undefined; fileEncoding = 4; includeInIndex = 0; lastKnownFileType = sourcecode.c.objc; name = "NSFileManager+HCPExtension.m"; path = "cordova-hot-code-push-plugin/Utils/NSFileManager+HCPExtension.m"; sourceTree = "<group>"; };
		35DD4520CDA646DD95D7DE47 /* HCPApplicationConfigStorage.h */ = {isa = PBXFileReference; explicitFileType = undefined; fileEncoding = 4; includeInIndex = 0; lastKnownFileType = sourcecode.c.h; name = HCPApplicationConfigStorage.h; path = "cordova-hot-code-push-plugin/Storage/HCPApplicationConfigStorage.h"; sourceTree = "<group>"; };
		38AF14A931B7456F839F71A3 /* HCPContentConfig.m */ = {isa = PBXFileReference; explicitFileType = undefined; fileEncoding = 4; includeInIndex = 0; lastKnownFileType = sourcecode.c.objc; name = HCPContentConfig.m; path = "cordova-hot-code-push-plugin/Config/HCPContentConfig.m"; sourceTree = "<group>"; };
		3A5D3DBF679C4CFDA61A8E3E /* NSError+HCPExtension.m */ = {isa = PBXFileReference; explicitFileType = undefined; fileEncoding = 4; includeInIndex = 0; lastKnownFileType = sourcecode.c.objc; name = "NSError+HCPExtension.m"; path = "cordova-hot-code-push-plugin/Utils/NSError+HCPExtension.m"; sourceTree = "<group>"; };
		3A7634742BB444A7ACC8E64F /* HCPFilesStructure.m */ = {isa = PBXFileReference; explicitFileType = undefined; fileEncoding = 4; includeInIndex = 0; lastKnownFileType = sourcecode.c.objc; name = HCPFilesStructure.m; path = "cordova-hot-code-push-plugin/Model/HCPFilesStructure.m"; sourceTree = "<group>"; };
		3D5D00808AD14D9896C27C9A /* NSBundle+HCPExtension.m */ = {isa = PBXFileReference; explicitFileType = undefined; fileEncoding = 4; includeInIndex = 0; lastKnownFileType = sourcecode.c.objc; name = "NSBundle+HCPExtension.m"; path = "cordova-hot-code-push-plugin/Utils/NSBundle+HCPExtension.m"; sourceTree = "<group>"; };
		3E61C4372EB74C4F8CE88922 /* HCPInternalPreferences.m */ = {isa = PBXFileReference; explicitFileType = undefined; fileEncoding = 4; includeInIndex = 0; lastKnownFileType = sourcecode.c.objc; name = HCPInternalPreferences.m; path = "cordova-hot-code-push-plugin/Config/HCPInternalPreferences.m"; sourceTree = "<group>"; };
		46F1E343EC94481A91DD922B /* HCPConfigStorageImpl.h */ = {isa = PBXFileReference; explicitFileType = undefined; fileEncoding = 4; includeInIndex = 0; lastKnownFileType = sourcecode.c.h; name = HCPConfigStorageImpl.h; path = "cordova-hot-code-push-plugin/Storage/HCPConfigStorageImpl.h"; sourceTree = "<group>"; };
		4C9E285F3C17459EBEFE15FD /* HCPUpdateLoader.m */ = {isa = PBXFileReference; explicitFileType = undefined; fileEncoding = 4; includeInIndex = 0; lastKnownFileType = sourcecode.c.objc; name = HCPUpdateLoader.m; path = "cordova-hot-code-push-plugin/Updater/HCPUpdateLoader.m"; sourceTree = "<group>"; };
		4E05A87105A54737A7C5F9A6 /* HCPContentManifest.m */ = {isa = PBXFileReference; explicitFileType = undefined; fileEncoding = 4; includeInIndex = 0; lastKnownFileType = sourcecode.c.objc; name = HCPContentManifest.m; path = "cordova-hot-code-push-plugin/Config/HCPContentManifest.m"; sourceTree = "<group>"; };
		4EDF458D9A5244039494360A /* NSBundle+HCPExtension.h */ = {isa = PBXFileReference; explicitFileType = undefined; fileEncoding = 4; includeInIndex = 0; lastKnownFileType = sourcecode.c.h; name = "NSBundle+HCPExtension.h"; path = "cordova-hot-code-push-plugin/Utils/NSBundle+HCPExtension.h"; sourceTree = "<group>"; };
		4F43B1EAB6244CA697D87A04 /* HCPFileDownloader.h */ = {isa = PBXFileReference; explicitFileType = undefined; fileEncoding = 4; includeInIndex = 0; lastKnownFileType = sourcecode.c.h; name = HCPFileDownloader.h; path = "cordova-hot-code-push-plugin/Network/HCPFileDownloader.h"; sourceTree = "<group>"; };
		5DF0499B459B401C8A4195E4 /* NSJSONSerialization+HCPExtension.m */ = {isa = PBXFileReference; explicitFileType = undefined; fileEncoding = 4; includeInIndex = 0; lastKnownFileType = sourcecode.c.objc; name = "NSJSONSerialization+HCPExtension.m"; path = "cordova-hot-code-push-plugin/Utils/NSJSONSerialization+HCPExtension.m"; sourceTree = "<group>"; };
		60E60AFA51144B2994F62630 /* HCPAssetsFolderHelper.m */ = {isa = PBXFileReference; explicitFileType = undefined; fileEncoding = 4; includeInIndex = 0; lastKnownFileType = sourcecode.c.objc; name = HCPAssetsFolderHelper.m; path = "cordova-hot-code-push-plugin/Utils/HCPAssetsFolderHelper.m"; sourceTree = "<group>"; };
		643EC139E184446F853D3145 /* HCPInstallationWorker.m */ = {isa = PBXFileReference; explicitFileType = undefined; fileEncoding = 4; includeInIndex = 0; lastKnownFileType = sourcecode.c.objc; name = HCPInstallationWorker.m; path = "cordova-hot-code-push-plugin/Updater/HCPInstallationWorker.m"; sourceTree = "<group>"; };
		6BDFD89627684E83AC659BB0 /* HCPContentManifestStorage.m */ = {isa = PBXFileReference; explicitFileType = undefined; fileEncoding = 4; includeInIndex = 0; lastKnownFileType = sourcecode.c.objc; name = HCPContentManifestStorage.m; path = "cordova-hot-code-push-plugin/Storage/HCPContentManifestStorage.m"; sourceTree = "<group>"; };
		6E0C97C1D36742A3BDF61DED /* HCPUpdateLoaderWorker.h */ = {isa = PBXFileReference; explicitFileType = undefined; fileEncoding = 4; includeInIndex = 0; lastKnownFileType = sourcecode.c.h; name = HCPUpdateLoaderWorker.h; path = "cordova-hot-code-push-plugin/Updater/HCPUpdateLoaderWorker.h"; sourceTree = "<group>"; };
		721460C5C41D41EF939ECC94 /* NSData+HCPMD5.h */ = {isa = PBXFileReference; explicitFileType = undefined; fileEncoding = 4; includeInIndex = 0; lastKnownFileType = sourcecode.c.h; name = "NSData+HCPMD5.h"; path = "cordova-hot-code-push-plugin/Utils/NSData+HCPMD5.h"; sourceTree = "<group>"; };
		7413DEA30833498EB148D97D /* HCPApplicationConfig.m */ = {isa = PBXFileReference; explicitFileType = undefined; fileEncoding = 4; includeInIndex = 0; lastKnownFileType = sourcecode.c.objc; name = HCPApplicationConfig.m; path = "cordova-hot-code-push-plugin/Config/HCPApplicationConfig.m"; sourceTree = "<group>"; };
		78A4ED53463645DFB0724A22 /* HCPContentConfig.h */ = {isa = PBXFileReference; explicitFileType = undefined; fileEncoding = 4; includeInIndex = 0; lastKnownFileType = sourcecode.c.h; name = HCPContentConfig.h; path = "cordova-hot-code-push-plugin/Config/HCPContentConfig.h"; sourceTree = "<group>"; };
		7AB460E75AAF407AAF41BD91 /* HCPCleanupHelper.m */ = {isa = PBXFileReference; explicitFileType = undefined; fileEncoding = 4; includeInIndex = 0; lastKnownFileType = sourcecode.c.objc; name = HCPCleanupHelper.m; path = "cordova-hot-code-push-plugin/Utils/HCPCleanupHelper.m"; sourceTree = "<group>"; };
		7D000787B53047B090151EC0 /* NSError+HCPExtension.h */ = {isa = PBXFileReference; explicitFileType = undefined; fileEncoding = 4; includeInIndex = 0; lastKnownFileType = sourcecode.c.h; name = "NSError+HCPExtension.h"; path = "cordova-hot-code-push-plugin/Utils/NSError+HCPExtension.h"; sourceTree = "<group>"; };
		7DCE7EDF926846A2875F48E8 /* HCPInternalPreferences+UserDefaults.m */ = {isa = PBXFileReference; explicitFileType = undefined; fileEncoding = 4; includeInIndex = 0; lastKnownFileType = sourcecode.c.objc; name = "HCPInternalPreferences+UserDefaults.m"; path = "cordova-hot-code-push-plugin/Storage/HCPInternalPreferences+UserDefaults.m"; sourceTree = "<group>"; };
		7F8B4A2BFD9C46C6A8BE7F95 /* HCPContentManifest.h */ = {isa = PBXFileReference; explicitFileType = undefined; fileEncoding = 4; includeInIndex = 0; lastKnownFileType = sourcecode.c.h; name = HCPContentManifest.h; path = "cordova-hot-code-push-plugin/Config/HCPContentManifest.h"; sourceTree = "<group>"; };
		8A20B868F6244EF2A57AABA8 /* HCPWorker.h */ = {isa = PBXFileReference; explicitFileType = undefined; fileEncoding = 4; includeInIndex = 0; lastKnownFileType = sourcecode.c.h; name = HCPWorker.h; path = "cordova-hot-code-push-plugin/Updater/HCPWorker.h"; sourceTree = "<group>"; };
		8D1107310486CEB800E47090 /* HotCodePush-Info.plist */ = {isa = PBXFileReference; fileEncoding = 4; lastKnownFileType = text.plist.xml; name = "HotCodePush-Info.plist"; path = "HotCodePush/HotCodePush-Info.plist"; plistStructureDefinitionIdentifier = "com.apple.xcode.plist.structure-definition.iphone.info-plist"; sourceTree = SOURCE_ROOT; };
		8FED5433F9C946708E63280E /* HCPInstallationWorker.h */ = {isa = PBXFileReference; explicitFileType = undefined; fileEncoding = 4; includeInIndex = 0; lastKnownFileType = sourcecode.c.h; name = HCPInstallationWorker.h; path = "cordova-hot-code-push-plugin/Updater/HCPInstallationWorker.h"; sourceTree = "<group>"; };
		91B3A943038C4F219B4EAEAB /* NSData+HCPMD5.m */ = {isa = PBXFileReference; explicitFileType = undefined; fileEncoding = 4; includeInIndex = 0; lastKnownFileType = sourcecode.c.objc; name = "NSData+HCPMD5.m"; path = "cordova-hot-code-push-plugin/Utils/NSData+HCPMD5.m"; sourceTree = "<group>"; };
		9B92FFA11C78414FA478C4FA /* HCPInternalPreferences.h */ = {isa = PBXFileReference; explicitFileType = undefined; fileEncoding = 4; includeInIndex = 0; lastKnownFileType = sourcecode.c.h; name = HCPInternalPreferences.h; path = "cordova-hot-code-push-plugin/Config/HCPInternalPreferences.h"; sourceTree = "<group>"; };
		9D4CFF8F09E347AD98D880F7 /* HCPInternalPreferences+UserDefaults.h */ = {isa = PBXFileReference; explicitFileType = undefined; fileEncoding = 4; includeInIndex = 0; lastKnownFileType = sourcecode.c.h; name = "HCPInternalPreferences+UserDefaults.h"; path = "cordova-hot-code-push-plugin/Storage/HCPInternalPreferences+UserDefaults.h"; sourceTree = "<group>"; };
		9DA662D888F442CA97886876 /* HCPConfig.m */ = {isa = PBXFileReference; explicitFileType = undefined; fileEncoding = 4; includeInIndex = 0; lastKnownFileType = sourcecode.c.objc; name = HCPConfig.m; path = "cordova-hot-code-push-plugin/Config/HCPConfig.m"; sourceTree = "<group>"; };
		9F7B306E0AB348AF81FCC44D /* HCPApplicationConfigStorage.m */ = {isa = PBXFileReference; explicitFileType = undefined; fileEncoding = 4; includeInIndex = 0; lastKnownFileType = sourcecode.c.objc; name = HCPApplicationConfigStorage.m; path = "cordova-hot-code-push-plugin/Storage/HCPApplicationConfigStorage.m"; sourceTree = "<group>"; };
		A0F8D578FE7C4B86BD143726 /* HCPApplicationConfig.h */ = {isa = PBXFileReference; explicitFileType = undefined; fileEncoding = 4; includeInIndex = 0; lastKnownFileType = sourcecode.c.h; name = HCPApplicationConfig.h; path = "cordova-hot-code-push-plugin/Config/HCPApplicationConfig.h"; sourceTree = "<group>"; };
		A1779FDBD37241ABB26C9233 /* HCPManifestFile.m */ = {isa = PBXFileReference; explicitFileType = undefined; fileEncoding = 4; includeInIndex = 0; lastKnownFileType = sourcecode.c.objc; name = HCPManifestFile.m; path = "cordova-hot-code-push-plugin/Model/HCPManifestFile.m"; sourceTree = "<group>"; };
		AF0863D308C740668783D779 /* NSFileManager+HCPExtension.h */ = {isa = PBXFileReference; explicitFileType = undefined; fileEncoding = 4; includeInIndex = 0; lastKnownFileType = sourcecode.c.h; name = "NSFileManager+HCPExtension.h"; path = "cordova-hot-code-push-plugin/Utils/NSFileManager+HCPExtension.h"; sourceTree = "<group>"; };
		B716C7C21F2E448292E48B4A /* HCPManifestDiff.m */ = {isa = PBXFileReference; explicitFileType = undefined; fileEncoding = 4; includeInIndex = 0; lastKnownFileType = sourcecode.c.objc; name = HCPManifestDiff.m; path = "cordova-hot-code-push-plugin/Model/HCPManifestDiff.m"; sourceTree = "<group>"; };
		C2F9AF0AEB3A4C8A8A778B16 /* HCPConfigStorageImpl.m */ = {isa = PBXFileReference; explicitFileType = undefined; fileEncoding = 4; includeInIndex = 0; lastKnownFileType = sourcecode.c.objc; name = HCPConfigStorageImpl.m; path = "cordova-hot-code-push-plugin/Storage/HCPConfigStorageImpl.m"; sourceTree = "<group>"; };
		C50C2F2B36354BFCB3588779 /* HCPUpdateLoaderWorker.m */ = {isa = PBXFileReference; explicitFileType = undefined; fileEncoding = 4; includeInIndex = 0; lastKnownFileType = sourcecode.c.objc; name = HCPUpdateLoaderWorker.m; path = "cordova-hot-code-push-plugin/Updater/HCPUpdateLoaderWorker.m"; sourceTree = "<group>"; };
		D0B134ED31B84448B14149A7 /* HCPJsonConvertable.h */ = {isa = PBXFileReference; explicitFileType = undefined; fileEncoding = 4; includeInIndex = 0; lastKnownFileType = sourcecode.c.h; name = HCPJsonConvertable.h; path = "cordova-hot-code-push-plugin/Model/HCPJsonConvertable.h"; sourceTree = "<group>"; };
		D0C9A84AEE77497E8B304EC3 /* HCPContentManifestStorage.h */ = {isa = PBXFileReference; explicitFileType = undefined; fileEncoding = 4; includeInIndex = 0; lastKnownFileType = sourcecode.c.h; name = HCPContentManifestStorage.h; path = "cordova-hot-code-push-plugin/Storage/HCPContentManifestStorage.h"; sourceTree = "<group>"; };
		E9360FA15F1F41EE8023705A /* HCPConfig.h */ = {isa = PBXFileReference; explicitFileType = undefined; fileEncoding = 4; includeInIndex = 0; lastKnownFileType = sourcecode.c.h; name = HCPConfig.h; path = "cordova-hot-code-push-plugin/Config/HCPConfig.h"; sourceTree = "<group>"; };
		EA34397D9A5B4B38B8DD3724 /* HCPFilesStructure.h */ = {isa = PBXFileReference; explicitFileType = undefined; fileEncoding = 4; includeInIndex = 0; lastKnownFileType = sourcecode.c.h; name = HCPFilesStructure.h; path = "cordova-hot-code-push-plugin/Model/HCPFilesStructure.h"; sourceTree = "<group>"; };
		EA3B0E6EFD5E4EE195658CD4 /* NSJSONSerialization+HCPExtension.h */ = {isa = PBXFileReference; explicitFileType = undefined; fileEncoding = 4; includeInIndex = 0; lastKnownFileType = sourcecode.c.h; name = "NSJSONSerialization+HCPExtension.h"; path = "cordova-hot-code-push-plugin/Utils/NSJSONSerialization+HCPExtension.h"; sourceTree = "<group>"; };
		ED33DF2A687741AEAF9F8254 /* Bridging-Header.h */ = {isa = PBXFileReference; fileEncoding = 4; lastKnownFileType = sourcecode.c.h; path = "Bridging-Header.h"; sourceTree = "<group>"; };
		ED66602DFE9E4BAFAE160C72 /* HCPFileDownloader.m */ = {isa = PBXFileReference; explicitFileType = undefined; fileEncoding = 4; includeInIndex = 0; lastKnownFileType = sourcecode.c.objc; name = HCPFileDownloader.m; path = "cordova-hot-code-push-plugin/Network/HCPFileDownloader.m"; sourceTree = "<group>"; };
/* End PBXFileReference section */

/* Begin PBXFrameworksBuildPhase section */
		1D60588F0D05DD3D006BFB54 /* Frameworks */ = {
			isa = PBXFrameworksBuildPhase;
			buildActionMask = 2147483647;
			files = (
				301BF552109A68D80062928A /* libCordova.a in Frameworks */,
			);
			runOnlyForDeploymentPostprocessing = 0;
		};
/* End PBXFrameworksBuildPhase section */

/* Begin PBXGroup section */
		080E96DDFE201D6D7F000001 /* Classes */ = {
			isa = PBXGroup;
			children = (
				1D3623240D0F684500981E51 /* AppDelegate.h */,
				1D3623250D0F684500981E51 /* AppDelegate.m */,
				0CB17DF21D7586260030264E /* UpdateViewController.h */,
				0CB17DF31D7586260030264E /* UpdateViewController.m */,
				0CB17DF41D7586260030264E /* UpdateViewController.xib */,
				302D95EE14D2391D003F00A1 /* MainViewController.h */,
				302D95EF14D2391D003F00A1 /* MainViewController.m */,
				302D95F014D2391D003F00A1 /* MainViewController.xib */,
			);
			name = Classes;
			path = HotCodePush/Classes;
			sourceTree = SOURCE_ROOT;
		};
		19C28FACFE9D520D11CA2CBB /* Products */ = {
			isa = PBXGroup;
			children = (
				1D6058910D05DD3D006BFB54 /* HotCodePush.app */,
			);
			name = Products;
			sourceTree = "<group>";
		};
		29B97314FDCFA39411CA2CEA /* CustomTemplate */ = {
			isa = PBXGroup;
			children = (
				0C07CA0A1D7FEE0D00C08EFF /* www */,
				080E96DDFE201D6D7F000001 /* Classes */,
				0C3805641D703A970023BD77 /* config.xml */,
				301BF52D109A57CC0062928A /* CordovaLib.xcodeproj */,
				29B97323FDCFA39411CA2CEA /* Frameworks */,
				307C750510C5A3420062BCA9 /* HCP */,
				29B97315FDCFA39411CA2CEA /* Other Sources */,
				19C28FACFE9D520D11CA2CBB /* Products */,
				29B97317FDCFA39411CA2CEA /* Resources */,
			);
			name = CustomTemplate;
			sourceTree = "<group>";
		};
		29B97315FDCFA39411CA2CEA /* Other Sources */ = {
			isa = PBXGroup;
			children = (
				32CA4F630368D1EE00C91783 /* HotCodePush-Prefix.pch */,
				29B97316FDCFA39411CA2CEA /* main.m */,
				ED33DF2A687741AEAF9F8254 /* Bridging-Header.h */,
			);
			name = "Other Sources";
			path = HotCodePush;
			sourceTree = "<group>";
		};
		29B97317FDCFA39411CA2CEA /* Resources */ = {
			isa = PBXGroup;
			children = (
				0207DA571B56EA530066E2B4 /* Images.xcassets */,
				3047A50E1AB8057F00498E2A /* config */,
				8D1107310486CEB800E47090 /* HotCodePush-Info.plist */,
			);
			name = Resources;
			path = HotCodePush/Resources;
			sourceTree = "<group>";
		};
		29B97323FDCFA39411CA2CEA /* Frameworks */ = {
			isa = PBXGroup;
			children = (
			);
			name = Frameworks;
			sourceTree = "<group>";
		};
		301BF52E109A57CC0062928A /* Products */ = {
			isa = PBXGroup;
			children = (
				301BF535109A57CC0062928A /* libCordova.a */,
			);
			name = Products;
			sourceTree = "<group>";
		};
		3047A50E1AB8057F00498E2A /* config */ = {
			isa = PBXGroup;
			children = (
				3047A50F1AB8059700498E2A /* build-debug.xcconfig */,
				3047A5101AB8059700498E2A /* build-release.xcconfig */,
				3047A5111AB8059700498E2A /* build.xcconfig */,
			);
			name = config;
			sourceTree = "<group>";
		};
		307C750510C5A3420062BCA9 /* HCP */ = {
			isa = PBXGroup;
			children = (
				A0F8D578FE7C4B86BD143726 /* HCPApplicationConfig.h */,
				7413DEA30833498EB148D97D /* HCPApplicationConfig.m */,
				35DD4520CDA646DD95D7DE47 /* HCPApplicationConfigStorage.h */,
				9F7B306E0AB348AF81FCC44D /* HCPApplicationConfigStorage.m */,
				22F0EC17D7B14D169A49DBA9 /* HCPAssetsFolderHelper.h */,
				60E60AFA51144B2994F62630 /* HCPAssetsFolderHelper.m */,
				07821282EB3546A98BD24430 /* HCPCleanupHelper.h */,
				7AB460E75AAF407AAF41BD91 /* HCPCleanupHelper.m */,
				0BD4A25343084F98844DFFB7 /* HCPConfigFileStorage.h */,
				46F1E343EC94481A91DD922B /* HCPConfigStorageImpl.h */,
				C2F9AF0AEB3A4C8A8A778B16 /* HCPConfigStorageImpl.m */,
				78A4ED53463645DFB0724A22 /* HCPContentConfig.h */,
				38AF14A931B7456F839F71A3 /* HCPContentConfig.m */,
				7F8B4A2BFD9C46C6A8BE7F95 /* HCPContentManifest.h */,
				4E05A87105A54737A7C5F9A6 /* HCPContentManifest.m */,
				D0C9A84AEE77497E8B304EC3 /* HCPContentManifestStorage.h */,
				6BDFD89627684E83AC659BB0 /* HCPContentManifestStorage.m */,
				4F43B1EAB6244CA697D87A04 /* HCPFileDownloader.h */,
				ED66602DFE9E4BAFAE160C72 /* HCPFileDownloader.m */,
				EA34397D9A5B4B38B8DD3724 /* HCPFilesStructure.h */,
				3A7634742BB444A7ACC8E64F /* HCPFilesStructure.m */,
				0C38056A1D70402B0023BD77 /* HCPHelper.h */,
				0C38056B1D70402B0023BD77 /* HCPHelper.m */,
				8FED5433F9C946708E63280E /* HCPInstallationWorker.h */,
				643EC139E184446F853D3145 /* HCPInstallationWorker.m */,
				D0B134ED31B84448B14149A7 /* HCPJsonConvertable.h */,
				13D401CB2EDA41D3B92FEEA1 /* HCPManifestDiff.h */,
				B716C7C21F2E448292E48B4A /* HCPManifestDiff.m */,
				3254F109D18340BCB6001C54 /* HCPManifestFile.h */,
				A1779FDBD37241ABB26C9233 /* HCPManifestFile.m */,
				9B92FFA11C78414FA478C4FA /* HCPInternalPreferences.h */,
				3E61C4372EB74C4F8CE88922 /* HCPInternalPreferences.m */,
				9D4CFF8F09E347AD98D880F7 /* HCPInternalPreferences+UserDefaults.h */,
				7DCE7EDF926846A2875F48E8 /* HCPInternalPreferences+UserDefaults.m */,
				18F172D451934EA3AB2109A9 /* HCPUpdateLoader.h */,
				4C9E285F3C17459EBEFE15FD /* HCPUpdateLoader.m */,
				6E0C97C1D36742A3BDF61DED /* HCPUpdateLoaderWorker.h */,
				C50C2F2B36354BFCB3588779 /* HCPUpdateLoaderWorker.m */,
				8A20B868F6244EF2A57AABA8 /* HCPWorker.h */,
				0CB17DF11D7581D60030264E /* HCPBlock.h */,
				E9360FA15F1F41EE8023705A /* HCPConfig.h */,
				9DA662D888F442CA97886876 /* HCPConfig.m */,
				4EDF458D9A5244039494360A /* NSBundle+HCPExtension.h */,
				3D5D00808AD14D9896C27C9A /* NSBundle+HCPExtension.m */,
				721460C5C41D41EF939ECC94 /* NSData+HCPMD5.h */,
				91B3A943038C4F219B4EAEAB /* NSData+HCPMD5.m */,
				7D000787B53047B090151EC0 /* NSError+HCPExtension.h */,
				3A5D3DBF679C4CFDA61A8E3E /* NSError+HCPExtension.m */,
				AF0863D308C740668783D779 /* NSFileManager+HCPExtension.h */,
				3479BF5BD0244806A67CAF39 /* NSFileManager+HCPExtension.m */,
				EA3B0E6EFD5E4EE195658CD4 /* NSJSONSerialization+HCPExtension.h */,
				5DF0499B459B401C8A4195E4 /* NSJSONSerialization+HCPExtension.m */,
			);
			name = HCP;
			path = HotCodePush/Plugins;
			sourceTree = SOURCE_ROOT;
		};
/* End PBXGroup section */

/* Begin PBXNativeTarget section */
		1D6058900D05DD3D006BFB54 /* HotCodePush */ = {
			isa = PBXNativeTarget;
			buildConfigurationList = 1D6058960D05DD3E006BFB54 /* Build configuration list for PBXNativeTarget "HotCodePush" */;
			buildPhases = (
				304B58A110DAC018002A0835 /* Copy www directory */,
				1D60588D0D05DD3D006BFB54 /* Resources */,
				1D60588E0D05DD3D006BFB54 /* Sources */,
				1D60588F0D05DD3D006BFB54 /* Frameworks */,
			);
			buildRules = (
			);
			dependencies = (
				301BF551109A68C00062928A /* PBXTargetDependency */,
			);
			name = HotCodePush;
			productName = HotCodePush;
			productReference = 1D6058910D05DD3D006BFB54 /* HotCodePush.app */;
			productType = "com.apple.product-type.application";
		};
/* End PBXNativeTarget section */

/* Begin PBXProject section */
		29B97313FDCFA39411CA2CEA /* Project object */ = {
			isa = PBXProject;
			attributes = {
				LastUpgradeCheck = 510;
			};
			buildConfigurationList = C01FCF4E08A954540054247B /* Build configuration list for PBXProject "HotCodePush" */;
			compatibilityVersion = "Xcode 3.2";
			developmentRegion = English;
			hasScannedForEncodings = 1;
			knownRegions = (
				en,
			);
			mainGroup = 29B97314FDCFA39411CA2CEA /* CustomTemplate */;
			projectDirPath = "";
			projectReferences = (
				{
					ProductGroup = 301BF52E109A57CC0062928A /* Products */;
					ProjectRef = 301BF52D109A57CC0062928A /* CordovaLib.xcodeproj */;
				},
			);
			projectRoot = "";
			targets = (
				1D6058900D05DD3D006BFB54 /* HotCodePush */,
			);
		};
/* End PBXProject section */

/* Begin PBXReferenceProxy section */
		301BF535109A57CC0062928A /* libCordova.a */ = {
			isa = PBXReferenceProxy;
			fileType = archive.ar;
			path = libCordova.a;
			remoteRef = 301BF534109A57CC0062928A /* PBXContainerItemProxy */;
			sourceTree = BUILT_PRODUCTS_DIR;
		};
/* End PBXReferenceProxy section */

/* Begin PBXResourcesBuildPhase section */
		1D60588D0D05DD3D006BFB54 /* Resources */ = {
			isa = PBXResourcesBuildPhase;
			buildActionMask = 2147483647;
			files = (
				0C07CA0B1D7FEE0D00C08EFF /* www in Resources */,
				0CB17DF61D7586260030264E /* UpdateViewController.xib in Resources */,
				302D95F214D2391D003F00A1 /* MainViewController.xib in Resources */,
				3047A5131AB8059700498E2A /* build-release.xcconfig in Resources */,
				3047A5141AB8059700498E2A /* build.xcconfig in Resources */,
				0C3805651D703A970023BD77 /* config.xml in Resources */,
				0207DA581B56EA530066E2B4 /* Images.xcassets in Resources */,
				3047A5121AB8059700498E2A /* build-debug.xcconfig in Resources */,
			);
			runOnlyForDeploymentPostprocessing = 0;
		};
/* End PBXResourcesBuildPhase section */

/* Begin PBXShellScriptBuildPhase section */
		304B58A110DAC018002A0835 /* Copy www directory */ = {
			isa = PBXShellScriptBuildPhase;
			buildActionMask = 2147483647;
			files = (
			);
			inputPaths = (
			);
			name = "Copy www directory";
			outputPaths = (
			);
			runOnlyForDeploymentPostprocessing = 0;
			shellPath = /bin/sh;
			shellScript = "NODEJS_PATH=/usr/local/bin; NVM_NODE_PATH=~/.nvm/versions/node/`nvm version 2>/dev/null`/bin; N_NODE_PATH=`find /usr/local/n/versions/node/* -maxdepth 0 -type d 2>/dev/null | tail -1`/bin; XCODE_NODE_PATH=`xcode-select --print-path`/usr/share/xcs/Node/bin; PATH=$NODEJS_PATH:$NVM_NODE_PATH:$N_NODE_PATH:$XCODE_NODE_PATH:$PATH && node cordova/lib/copy-www-build-step.js";
			showEnvVarsInLog = 0;
		};
/* End PBXShellScriptBuildPhase section */

/* Begin PBXSourcesBuildPhase section */
		1D60588E0D05DD3D006BFB54 /* Sources */ = {
			isa = PBXSourcesBuildPhase;
			buildActionMask = 2147483647;
			files = (
				1D60589B0D05DD56006BFB54 /* main.m in Sources */,
				1D3623260D0F684500981E51 /* AppDelegate.m in Sources */,
				302D95F114D2391D003F00A1 /* MainViewController.m in Sources */,
				51C6B0F2DF7049499391D340 /* HCPApplicationConfig.m in Sources */,
				53387454CA224A34AB8D98FC /* HCPContentConfig.m in Sources */,
				3A9F1AA6CDCC4CD19422DD5C /* HCPContentManifest.m in Sources */,
				57B21F958E534371819EE76F /* HCPInternalPreferences.m in Sources */,
				A4C198E9D0C54E68AD5CFF75 /* HCPConfig.m in Sources */,
				722684B80A7F429895942BD4 /* HCPFilesStructure.m in Sources */,
				BCAA15361D2F496694DE71F8 /* HCPManifestDiff.m in Sources */,
				E39231BEA6494CD7933A620F /* HCPManifestFile.m in Sources */,
				2CAC48A9EBC3442FB6FD5EC0 /* HCPFileDownloader.m in Sources */,
				0E9BACD7FA8043EBBB6E320A /* HCPApplicationConfigStorage.m in Sources */,
				0CB17DF51D7586260030264E /* UpdateViewController.m in Sources */,
				C56532BF088D4925B211B5F7 /* HCPConfigStorageImpl.m in Sources */,
				B9A646AC0D554F23A2EBDF27 /* HCPContentManifestStorage.m in Sources */,
				7B501AC1EAEA43A18B10519E /* HCPInternalPreferences+UserDefaults.m in Sources */,
				8B8A6332243A4C60937559BD /* HCPInstallationWorker.m in Sources */,
				0C38056C1D70402B0023BD77 /* HCPHelper.m in Sources */,
				507EBF598FD741F18B61B589 /* HCPUpdateLoader.m in Sources */,
				DE3DB4D4EF3B4D06B2D63715 /* HCPUpdateLoaderWorker.m in Sources */,
				BC65821251E84E7296496DA5 /* HCPCleanupHelper.m in Sources */,
				64FC37C61DCA4D669531365D /* NSBundle+HCPExtension.m in Sources */,
				2EA0FA96516249EFA51B6AD4 /* NSData+HCPMD5.m in Sources */,
				F0F111A3DA3449E7923F6ABE /* NSError+HCPExtension.m in Sources */,
				0B0380A305014EC4BEBA7B0B /* NSFileManager+HCPExtension.m in Sources */,
				99E994101E724DBFBB1D779B /* NSJSONSerialization+HCPExtension.m in Sources */,
				EFBBEBB7C4164914A5A9535F /* HCPAssetsFolderHelper.m in Sources */,
			);
			runOnlyForDeploymentPostprocessing = 0;
		};
/* End PBXSourcesBuildPhase section */

/* Begin PBXTargetDependency section */
		301BF551109A68C00062928A /* PBXTargetDependency */ = {
			isa = PBXTargetDependency;
			name = CordovaLib;
			targetProxy = 301BF550109A68C00062928A /* PBXContainerItemProxy */;
		};
/* End PBXTargetDependency section */

/* Begin XCBuildConfiguration section */
		1D6058940D05DD3E006BFB54 /* Debug */ = {
			isa = XCBuildConfiguration;
			baseConfigurationReference = 3047A50F1AB8059700498E2A /* build-debug.xcconfig */;
			buildSettings = {
				ALWAYS_SEARCH_USER_PATHS = NO;
				ASSETCATALOG_COMPILER_APPICON_NAME = AppIcon;
				ASSETCATALOG_COMPILER_LAUNCHIMAGE_NAME = LaunchImage;
				CLANG_ENABLE_MODULES = YES;
				CLANG_ENABLE_OBJC_ARC = YES;
				COPY_PHASE_STRIP = NO;
				GCC_DYNAMIC_NO_PIC = NO;
				GCC_OPTIMIZATION_LEVEL = 0;
				GCC_PRECOMPILE_PREFIX_HEADER = YES;
				GCC_PREFIX_HEADER = "HotCodePush/HotCodePush-Prefix.pch";
				GCC_THUMB_SUPPORT = NO;
				GCC_VERSION = "";
				INFOPLIST_FILE = "HotCodePush/HotCodePush-Info.plist";
				LD_RUNPATH_SEARCH_PATHS = "@executable_path/Frameworks";
				PRODUCT_NAME = HotCodePush;
			};
			name = Debug;
		};
		1D6058950D05DD3E006BFB54 /* Release */ = {
			isa = XCBuildConfiguration;
			baseConfigurationReference = 3047A5101AB8059700498E2A /* build-release.xcconfig */;
			buildSettings = {
				ALWAYS_SEARCH_USER_PATHS = NO;
				ASSETCATALOG_COMPILER_APPICON_NAME = AppIcon;
				ASSETCATALOG_COMPILER_LAUNCHIMAGE_NAME = LaunchImage;
				CLANG_ENABLE_MODULES = YES;
				CLANG_ENABLE_OBJC_ARC = YES;
				COPY_PHASE_STRIP = YES;
				GCC_PRECOMPILE_PREFIX_HEADER = YES;
				GCC_PREFIX_HEADER = "HotCodePush/HotCodePush-Prefix.pch";
				GCC_THUMB_SUPPORT = NO;
				GCC_VERSION = "";
				INFOPLIST_FILE = "HotCodePush/HotCodePush-Info.plist";
				PRODUCT_NAME = HotCodePush;
			};
			name = Release;
		};
		C01FCF4F08A954540054247B /* Debug */ = {
			isa = XCBuildConfiguration;
			baseConfigurationReference = 3047A5111AB8059700498E2A /* build.xcconfig */;
			buildSettings = {
				CLANG_ENABLE_MODULES = YES;
				CLANG_ENABLE_OBJC_ARC = YES;
				CLANG_WARN_BOOL_CONVERSION = YES;
				CLANG_WARN_CONSTANT_CONVERSION = YES;
				CLANG_WARN_EMPTY_BODY = YES;
				CLANG_WARN_ENUM_CONVERSION = YES;
				CLANG_WARN_INT_CONVERSION = YES;
				CLANG_WARN__DUPLICATE_METHOD_MATCH = YES;
				GCC_C_LANGUAGE_STANDARD = c99;
				GCC_THUMB_SUPPORT = NO;
				GCC_VERSION = "";
				GCC_WARN_ABOUT_RETURN_TYPE = YES;
				GCC_WARN_UNDECLARED_SELECTOR = YES;
				GCC_WARN_UNINITIALIZED_AUTOS = YES;
				GCC_WARN_UNUSED_FUNCTION = YES;
				GCC_WARN_UNUSED_VARIABLE = YES;
				ONLY_ACTIVE_ARCH = YES;
				SDKROOT = iphoneos;
				SKIP_INSTALL = NO;
			};
			name = Debug;
		};
		C01FCF5008A954540054247B /* Release */ = {
			isa = XCBuildConfiguration;
			baseConfigurationReference = 3047A5111AB8059700498E2A /* build.xcconfig */;
			buildSettings = {
				CLANG_ENABLE_MODULES = YES;
				CLANG_ENABLE_OBJC_ARC = YES;
				CLANG_WARN_BOOL_CONVERSION = YES;
				CLANG_WARN_CONSTANT_CONVERSION = YES;
				CLANG_WARN_EMPTY_BODY = YES;
				CLANG_WARN_ENUM_CONVERSION = YES;
				CLANG_WARN_INT_CONVERSION = YES;
				CLANG_WARN__DUPLICATE_METHOD_MATCH = YES;
				GCC_C_LANGUAGE_STANDARD = c99;
				GCC_THUMB_SUPPORT = NO;
				GCC_VERSION = "";
				GCC_WARN_ABOUT_RETURN_TYPE = YES;
				GCC_WARN_UNDECLARED_SELECTOR = YES;
				GCC_WARN_UNINITIALIZED_AUTOS = YES;
				GCC_WARN_UNUSED_FUNCTION = YES;
				GCC_WARN_UNUSED_VARIABLE = YES;
				SDKROOT = iphoneos;
				SKIP_INSTALL = NO;
			};
			name = Release;
		};
/* End XCBuildConfiguration section */

/* Begin XCConfigurationList section */
		1D6058960D05DD3E006BFB54 /* Build configuration list for PBXNativeTarget "HotCodePush" */ = {
			isa = XCConfigurationList;
			buildConfigurations = (
				1D6058940D05DD3E006BFB54 /* Debug */,
				1D6058950D05DD3E006BFB54 /* Release */,
			);
			defaultConfigurationIsVisible = 0;
			defaultConfigurationName = Release;
		};
		C01FCF4E08A954540054247B /* Build configuration list for PBXProject "HotCodePush" */ = {
			isa = XCConfigurationList;
			buildConfigurations = (
				C01FCF4F08A954540054247B /* Debug */,
				C01FCF5008A954540054247B /* Release */,
			);
			defaultConfigurationIsVisible = 0;
			defaultConfigurationName = Release;
		};
/* End XCConfigurationList section */
	};
	rootObject = 29B97313FDCFA39411CA2CEA /* Project object */;
}
